
Microsoft Visual Studio Solution File, Format Version 12.00
# Visual Studio Version 16
VisualStudioVersion = 16.0.31313.79
MinimumVisualStudioVersion = 10.0.40219.1
Project("{8BC9CEB8-8B4A-11D0-8D11-00A0C91BC942}") = "Week1", "Week1\Week1.vcxproj", "{39E2EE45-4E7E-4B2D-9F01-5773E7F23435}"
EndProject
Project("{8BC9CEB8-8B4A-11D0-8D11-00A0C91BC942}") = "Week2", "Week2\Week2.vcxproj", "{30869FCD-CA1D-4A94-A028-D6796CC8AA02}"
EndProject
Project("{8BC9CEB8-8B4A-11D0-8D11-00A0C91BC942}") = "Week3", "Week3\Week3.vcxproj", "{FF0A940F-5982-4AE4-A04B-A14846D0DA0D}"
EndProject
Project("{8BC9CEB8-8B4A-11D0-8D11-00A0C91BC942}") = "Week4", "Week4\Week4.vcxproj", "{49EE0FE3-B7B2-453A-A3C3-26D44C57F834}"
EndProject
Project("{8BC9CEB8-8B4A-11D0-8D11-00A0C91BC942}") = "Week5", "Week5\Week5.vcxproj", "{4B49B9BC-DDC7-4C00-B9C7-392660B5E6F1}"
EndProject
Project("{8BC9CEB8-8B4A-11D0-8D11-00A0C91BC942}") = "Week6", "Week6\Week6.vcxproj", "{644CD31E-A5B4-4022-9C84-683D65423189}"
EndProject
Project("{8BC9CEB8-8B4A-11D0-8D11-00A0C91BC942}") = "Week7", "Week7\Week7.vcxproj", "{43DE6687-52B1-4EF9-B90A-81E156DDD98B}"
EndProject
Project("{8BC9CEB8-8B4A-11D0-8D11-00A0C91BC942}") = "Week8", "Week8\Week8.vcxproj", "{E9A987E0-09EA-4CB6-A61F-453B7CEEC8D7}"
EndProject
Global
	GlobalSection(SolutionConfigurationPlatforms) = preSolution
		Debug|x64 = Debug|x64
		Debug|x86 = Debug|x86
		Release|x64 = Release|x64
		Release|x86 = Release|x86
	EndGlobalSection
	GlobalSection(ProjectConfigurationPlatforms) = postSolution
		{39E2EE45-4E7E-4B2D-9F01-5773E7F23435}.Debug|x64.ActiveCfg = Debug|x64
		{39E2EE45-4E7E-4B2D-9F01-5773E7F23435}.Debug|x64.Build.0 = Debug|x64
		{39E2EE45-4E7E-4B2D-9F01-5773E7F23435}.Debug|x86.ActiveCfg = Debug|Win32
		{39E2EE45-4E7E-4B2D-9F01-5773E7F23435}.Debug|x86.Build.0 = Debug|Win32
		{39E2EE45-4E7E-4B2D-9F01-5773E7F23435}.Release|x64.ActiveCfg = Release|x64
		{39E2EE45-4E7E-4B2D-9F01-5773E7F23435}.Release|x64.Build.0 = Release|x64
		{39E2EE45-4E7E-4B2D-9F01-5773E7F23435}.Release|x86.ActiveCfg = Release|Win32
		{39E2EE45-4E7E-4B2D-9F01-5773E7F23435}.Release|x86.Build.0 = Release|Win32
		{30869FCD-CA1D-4A94-A028-D6796CC8AA02}.Debug|x64.ActiveCfg = Debug|x64
		{30869FCD-CA1D-4A94-A028-D6796CC8AA02}.Debug|x64.Build.0 = Debug|x64
		{30869FCD-CA1D-4A94-A028-D6796CC8AA02}.Debug|x86.ActiveCfg = Debug|Win32
		{30869FCD-CA1D-4A94-A028-D6796CC8AA02}.Debug|x86.Build.0 = Debug|Win32
		{30869FCD-CA1D-4A94-A028-D6796CC8AA02}.Release|x64.ActiveCfg = Release|x64
		{30869FCD-CA1D-4A94-A028-D6796CC8AA02}.Release|x64.Build.0 = Release|x64
		{30869FCD-CA1D-4A94-A028-D6796CC8AA02}.Release|x86.ActiveCfg = Release|Win32
		{30869FCD-CA1D-4A94-A028-D6796CC8AA02}.Release|x86.Build.0 = Release|Win32
		{FF0A940F-5982-4AE4-A04B-A14846D0DA0D}.Debug|x64.ActiveCfg = Debug|x64
		{FF0A940F-5982-4AE4-A04B-A14846D0DA0D}.Debug|x64.Build.0 = Debug|x64
		{FF0A940F-5982-4AE4-A04B-A14846D0DA0D}.Debug|x86.ActiveCfg = Debug|Win32
		{FF0A940F-5982-4AE4-A04B-A14846D0DA0D}.Debug|x86.Build.0 = Debug|Win32
		{FF0A940F-5982-4AE4-A04B-A14846D0DA0D}.Release|x64.ActiveCfg = Release|x64
		{FF0A940F-5982-4AE4-A04B-A14846D0DA0D}.Release|x64.Build.0 = Release|x64
		{FF0A940F-5982-4AE4-A04B-A14846D0DA0D}.Release|x86.ActiveCfg = Release|Win32
		{FF0A940F-5982-4AE4-A04B-A14846D0DA0D}.Release|x86.Build.0 = Release|Win32
		{49EE0FE3-B7B2-453A-A3C3-26D44C57F834}.Debug|x64.ActiveCfg = Debug|x64
		{49EE0FE3-B7B2-453A-A3C3-26D44C57F834}.Debug|x64.Build.0 = Debug|x64
		{49EE0FE3-B7B2-453A-A3C3-26D44C57F834}.Debug|x86.ActiveCfg = Debug|Win32
		{49EE0FE3-B7B2-453A-A3C3-26D44C57F834}.Debug|x86.Build.0 = Debug|Win32
		{49EE0FE3-B7B2-453A-A3C3-26D44C57F834}.Release|x64.ActiveCfg = Release|x64
		{49EE0FE3-B7B2-453A-A3C3-26D44C57F834}.Release|x64.Build.0 = Release|x64
		{49EE0FE3-B7B2-453A-A3C3-26D44C57F834}.Release|x86.ActiveCfg = Release|Win32
		{49EE0FE3-B7B2-453A-A3C3-26D44C57F834}.Release|x86.Build.0 = Release|Win32
		{4B49B9BC-DDC7-4C00-B9C7-392660B5E6F1}.Debug|x64.ActiveCfg = Debug|x64
		{4B49B9BC-DDC7-4C00-B9C7-392660B5E6F1}.Debug|x64.Build.0 = Debug|x64
		{4B49B9BC-DDC7-4C00-B9C7-392660B5E6F1}.Debug|x86.ActiveCfg = Debug|Win32
		{4B49B9BC-DDC7-4C00-B9C7-392660B5E6F1}.Debug|x86.Build.0 = Debug|Win32
		{4B49B9BC-DDC7-4C00-B9C7-392660B5E6F1}.Release|x64.ActiveCfg = Release|x64
		{4B49B9BC-DDC7-4C00-B9C7-392660B5E6F1}.Release|x64.Build.0 = Release|x64
		{4B49B9BC-DDC7-4C00-B9C7-392660B5E6F1}.Release|x86.ActiveCfg = Release|Win32
		{4B49B9BC-DDC7-4C00-B9C7-392660B5E6F1}.Release|x86.Build.0 = Release|Win32
		{644CD31E-A5B4-4022-9C84-683D65423189}.Debug|x64.ActiveCfg = Debug|x64
		{644CD31E-A5B4-4022-9C84-683D65423189}.Debug|x64.Build.0 = Debug|x64
		{644CD31E-A5B4-4022-9C84-683D65423189}.Debug|x86.ActiveCfg = Debug|Win32
		{644CD31E-A5B4-4022-9C84-683D65423189}.Debug|x86.Build.0 = Debug|Win32
		{644CD31E-A5B4-4022-9C84-683D65423189}.Release|x64.ActiveCfg = Release|x64
		{644CD31E-A5B4-4022-9C84-683D65423189}.Release|x64.Build.0 = Release|x64
		{644CD31E-A5B4-4022-9C84-683D65423189}.Release|x86.ActiveCfg = Release|Win32
		{644CD31E-A5B4-4022-9C84-683D65423189}.Release|x86.Build.0 = Release|Win32
		{43DE6687-52B1-4EF9-B90A-81E156DDD98B}.Debug|x64.ActiveCfg = Debug|x64
		{43DE6687-52B1-4EF9-B90A-81E156DDD98B}.Debug|x64.Build.0 = Debug|x64
		{43DE6687-52B1-4EF9-B90A-81E156DDD98B}.Debug|x86.ActiveCfg = Debug|Win32
		{43DE6687-52B1-4EF9-B90A-81E156DDD98B}.Debug|x86.Build.0 = Debug|Win32
		{43DE6687-52B1-4EF9-B90A-81E156DDD98B}.Release|x64.ActiveCfg = Release|x64
		{43DE6687-52B1-4EF9-B90A-81E156DDD98B}.Release|x64.Build.0 = Release|x64
		{43DE6687-52B1-4EF9-B90A-81E156DDD98B}.Release|x86.ActiveCfg = Release|Win32
		{43DE6687-52B1-4EF9-B90A-81E156DDD98B}.Release|x86.Build.0 = Release|Win32
		{E9A987E0-09EA-4CB6-A61F-453B7CEEC8D7}.Debug|x64.ActiveCfg = Debug|x64
		{E9A987E0-09EA-4CB6-A61F-453B7CEEC8D7}.Debug|x64.Build.0 = Debug|x64
		{E9A987E0-09EA-4CB6-A61F-453B7CEEC8D7}.Debug|x86.ActiveCfg = Debug|Win32
		{E9A987E0-09EA-4CB6-A61F-453B7CEEC8D7}.Debug|x86.Build.0 = Debug|Win32
		{E9A987E0-09EA-4CB6-A61F-453B7CEEC8D7}.Release|x64.ActiveCfg = Release|x64
		{E9A987E0-09EA-4CB6-A61F-453B7CEEC8D7}.Release|x64.Build.0 = Release|x64
		{E9A987E0-09EA-4CB6-A61F-453B7CEEC8D7}.Release|x86.ActiveCfg = Release|Win32
		{E9A987E0-09EA-4CB6-A61F-453B7CEEC8D7}.Release|x86.Build.0 = Release|Win32
	EndGlobalSection
	GlobalSection(SolutionProperties) = preSolution
		HideSolutionNode = FALSE
	EndGlobalSection
	GlobalSection(ExtensibilityGlobals) = postSolution
		SolutionGuid = {0F09B818-695D-474E-9FD5-9A4237EF60B4}
	EndGlobalSection
EndGlobal
